// !$*UTF8*$!
{
	archiveVersion = 1;
	classes = {
	};
	objectVersion = 55;
	objects = {

/* Begin PBXBuildFile section */
		2865EAE1281BB7C500A032EC /* AppDelegate.swift in Sources */ = {isa = PBXBuildFile; fileRef = 2865EAE0281BB7C500A032EC /* AppDelegate.swift */; };
		2865EAE3281BB7C500A032EC /* SceneDelegate.swift in Sources */ = {isa = PBXBuildFile; fileRef = 2865EAE2281BB7C500A032EC /* SceneDelegate.swift */; };
		2865EAE5281BB7C500A032EC /* MainViewController.swift in Sources */ = {isa = PBXBuildFile; fileRef = 2865EAE4281BB7C500A032EC /* MainViewController.swift */; };
		2865EAE8281BB7C500A032EC /* Main.storyboard in Resources */ = {isa = PBXBuildFile; fileRef = 2865EAE6281BB7C500A032EC /* Main.storyboard */; };
		2865EAEA281BB7C700A032EC /* Assets.xcassets in Resources */ = {isa = PBXBuildFile; fileRef = 2865EAE9281BB7C700A032EC /* Assets.xcassets */; };
		2865EAED281BB7C700A032EC /* LaunchScreen.storyboard in Resources */ = {isa = PBXBuildFile; fileRef = 2865EAEB281BB7C700A032EC /* LaunchScreen.storyboard */; };
		2865EAFA281BD53C00A032EC /* CustomTableViewCell.swift in Sources */ = {isa = PBXBuildFile; fileRef = 2865EAF9281BD53C00A032EC /* CustomTableViewCell.swift */; };
		2865EAFD281BDA5A00A032EC /* Place.swift in Sources */ = {isa = PBXBuildFile; fileRef = 2865EAFC281BDA5A00A032EC /* Place.swift */; };
		2865EAFF281BE94100A032EC /* NewPlaceTableViewController.swift in Sources */ = {isa = PBXBuildFile; fileRef = 2865EAFE281BE94100A032EC /* NewPlaceTableViewController.swift */; };
/* End PBXBuildFile section */

/* Begin PBXFileReference section */
		2865EADD281BB7C500A032EC /* MyPlacesApp.app */ = {isa = PBXFileReference; explicitFileType = wrapper.application; includeInIndex = 0; path = MyPlacesApp.app; sourceTree = BUILT_PRODUCTS_DIR; };
		2865EAE0281BB7C500A032EC /* AppDelegate.swift */ = {isa = PBXFileReference; lastKnownFileType = sourcecode.swift; path = AppDelegate.swift; sourceTree = "<group>"; };
		2865EAE2281BB7C500A032EC /* SceneDelegate.swift */ = {isa = PBXFileReference; lastKnownFileType = sourcecode.swift; path = SceneDelegate.swift; sourceTree = "<group>"; };
		2865EAE4281BB7C500A032EC /* MainViewController.swift */ = {isa = PBXFileReference; lastKnownFileType = sourcecode.swift; path = MainViewController.swift; sourceTree = "<group>"; };
		2865EAE7281BB7C500A032EC /* Base */ = {isa = PBXFileReference; lastKnownFileType = file.storyboard; name = Base; path = Base.lproj/Main.storyboard; sourceTree = "<group>"; };
		2865EAE9281BB7C700A032EC /* Assets.xcassets */ = {isa = PBXFileReference; lastKnownFileType = folder.assetcatalog; path = Assets.xcassets; sourceTree = "<group>"; };
		2865EAEC281BB7C700A032EC /* Base */ = {isa = PBXFileReference; lastKnownFileType = file.storyboard; name = Base; path = Base.lproj/LaunchScreen.storyboard; sourceTree = "<group>"; };
		2865EAEE281BB7C700A032EC /* Info.plist */ = {isa = PBXFileReference; lastKnownFileType = text.plist.xml; path = Info.plist; sourceTree = "<group>"; };
		2865EAF9281BD53C00A032EC /* CustomTableViewCell.swift */ = {isa = PBXFileReference; lastKnownFileType = sourcecode.swift; path = CustomTableViewCell.swift; sourceTree = "<group>"; };
		2865EAFC281BDA5A00A032EC /* Place.swift */ = {isa = PBXFileReference; lastKnownFileType = sourcecode.swift; path = Place.swift; sourceTree = "<group>"; };
		2865EAFE281BE94100A032EC /* NewPlaceTableViewController.swift */ = {isa = PBXFileReference; lastKnownFileType = sourcecode.swift; path = NewPlaceTableViewController.swift; sourceTree = "<group>"; };
/* End PBXFileReference section */

/* Begin PBXFrameworksBuildPhase section */
		2865EADA281BB7C500A032EC /* Frameworks */ = {
			isa = PBXFrameworksBuildPhase;
			buildActionMask = 2147483647;
			files = (
			);
			runOnlyForDeploymentPostprocessing = 0;
		};
/* End PBXFrameworksBuildPhase section */

/* Begin PBXGroup section */
		2865EAD4281BB7C400A032EC = {
			isa = PBXGroup;
			children = (
				2865EADF281BB7C500A032EC /* MyPlacesApp */,
				2865EADE281BB7C500A032EC /* Products */,
			);
			sourceTree = "<group>";
		};
		2865EADE281BB7C500A032EC /* Products */ = {
			isa = PBXGroup;
			children = (
				2865EADD281BB7C500A032EC /* MyPlacesApp.app */,
			);
			name = Products;
			sourceTree = "<group>";
		};
		2865EADF281BB7C500A032EC /* MyPlacesApp */ = {
			isa = PBXGroup;
			children = (
				2865EAF4281BB7D300A032EC /* App */,
				2865EAFB281BDA3D00A032EC /* Models */,
				2865EAF5281BB7DA00A032EC /* ViewControllers */,
				2865EAF6281BB7E300A032EC /* Storyboards */,
				2865EAF7281BB7EC00A032EC /* Resources */,
			);
			path = MyPlacesApp;
			sourceTree = "<group>";
		};
		2865EAF4281BB7D300A032EC /* App */ = {
			isa = PBXGroup;
			children = (
				2865EAE0281BB7C500A032EC /* AppDelegate.swift */,
				2865EAE2281BB7C500A032EC /* SceneDelegate.swift */,
				2865EAEE281BB7C700A032EC /* Info.plist */,
			);
			path = App;
			sourceTree = "<group>";
		};
		2865EAF5281BB7DA00A032EC /* ViewControllers */ = {
			isa = PBXGroup;
			children = (
				2865EAE4281BB7C500A032EC /* MainViewController.swift */,
				2865EAFE281BE94100A032EC /* NewPlaceTableViewController.swift */,
				2865EAF8281BD50F00A032EC /* TableViewCell */,
			);
			path = ViewControllers;
			sourceTree = "<group>";
		};
		2865EAF6281BB7E300A032EC /* Storyboards */ = {
			isa = PBXGroup;
			children = (
				2865EAE6281BB7C500A032EC /* Main.storyboard */,
				2865EAEB281BB7C700A032EC /* LaunchScreen.storyboard */,
			);
			path = Storyboards;
			sourceTree = "<group>";
		};
		2865EAF7281BB7EC00A032EC /* Resources */ = {
			isa = PBXGroup;
			children = (
				2865EAE9281BB7C700A032EC /* Assets.xcassets */,
			);
			path = Resources;
			sourceTree = "<group>";
		};
		2865EAF8281BD50F00A032EC /* TableViewCell */ = {
			isa = PBXGroup;
			children = (
				2865EAF9281BD53C00A032EC /* CustomTableViewCell.swift */,
			);
			path = TableViewCell;
			sourceTree = "<group>";
		};
		2865EAFB281BDA3D00A032EC /* Models */ = {
			isa = PBXGroup;
			children = (
				2865EAFC281BDA5A00A032EC /* Place.swift */,
			);
			path = Models;
			sourceTree = "<group>";
		};
/* End PBXGroup section */

/* Begin PBXNativeTarget section */
		2865EADC281BB7C500A032EC /* MyPlacesApp */ = {
			isa = PBXNativeTarget;
			buildConfigurationList = 2865EAF1281BB7C700A032EC /* Build configuration list for PBXNativeTarget "MyPlacesApp" */;
			buildPhases = (
				2865EAD9281BB7C500A032EC /* Sources */,
				2865EADA281BB7C500A032EC /* Frameworks */,
				2865EADB281BB7C500A032EC /* Resources */,
			);
			buildRules = (
			);
			dependencies = (
			);
			name = MyPlacesApp;
			productName = MyPlacesApp;
			productReference = 2865EADD281BB7C500A032EC /* MyPlacesApp.app */;
			productType = "com.apple.product-type.application";
		};
/* End PBXNativeTarget section */

/* Begin PBXProject section */
		2865EAD5281BB7C400A032EC /* Project object */ = {
			isa = PBXProject;
			attributes = {
				BuildIndependentTargetsInParallel = 1;
				LastSwiftUpdateCheck = 1330;
				LastUpgradeCheck = 1330;
				TargetAttributes = {
					2865EADC281BB7C500A032EC = {
						CreatedOnToolsVersion = 13.3.1;
					};
				};
			};
			buildConfigurationList = 2865EAD8281BB7C400A032EC /* Build configuration list for PBXProject "MyPlacesApp" */;
			compatibilityVersion = "Xcode 13.0";
			developmentRegion = en;
			hasScannedForEncodings = 0;
			knownRegions = (
				en,
				Base,
			);
			mainGroup = 2865EAD4281BB7C400A032EC;
			productRefGroup = 2865EADE281BB7C500A032EC /* Products */;
			projectDirPath = "";
			projectRoot = "";
			targets = (
				2865EADC281BB7C500A032EC /* MyPlacesApp */,
			);
		};
/* End PBXProject section */

/* Begin PBXResourcesBuildPhase section */
		2865EADB281BB7C500A032EC /* Resources */ = {
			isa = PBXResourcesBuildPhase;
			buildActionMask = 2147483647;
			files = (
				2865EAED281BB7C700A032EC /* LaunchScreen.storyboard in Resources */,
				2865EAEA281BB7C700A032EC /* Assets.xcassets in Resources */,
				2865EAE8281BB7C500A032EC /* Main.storyboard in Resources */,
			);
			runOnlyForDeploymentPostprocessing = 0;
		};
/* End PBXResourcesBuildPhase section */

/* Begin PBXSourcesBuildPhase section */
		2865EAD9281BB7C500A032EC /* Sources */ = {
			isa = PBXSourcesBuildPhase;
			buildActionMask = 2147483647;
			files = (
				2865EAFF281BE94100A032EC /* NewPlaceTableViewController.swift in Sources */,
				2865EAE5281BB7C500A032EC /* MainViewController.swift in Sources */,
				2865EAE1281BB7C500A032EC /* AppDelegate.swift in Sources */,
				2865EAFA281BD53C00A032EC /* CustomTableViewCell.swift in Sources */,
				2865EAE3281BB7C500A032EC /* SceneDelegate.swift in Sources */,
				2865EAFD281BDA5A00A032EC /* Place.swift in Sources */,
			);
			runOnlyForDeploymentPostprocessing = 0;
		};
/* End PBXSourcesBuildPhase section */

/* Begin PBXVariantGroup section */
		2865EAE6281BB7C500A032EC /* Main.storyboard */ = {
			isa = PBXVariantGroup;
			children = (
				2865EAE7281BB7C500A032EC /* Base */,
			);
			name = Main.storyboard;
			sourceTree = "<group>";
		};
		2865EAEB281BB7C700A032EC /* LaunchScreen.storyboard */ = {
			isa = PBXVariantGroup;
			children = (
				2865EAEC281BB7C700A032EC /* Base */,
			);
			name = LaunchScreen.storyboard;
			sourceTree = "<group>";
		};
/* End PBXVariantGroup section */

/* Begin XCBuildConfiguration section */
		2865EAEF281BB7C700A032EC /* Debug */ = {
			isa = XCBuildConfiguration;
			buildSettings = {
				ALWAYS_SEARCH_USER_PATHS = NO;
				CLANG_ANALYZER_NONNULL = YES;
				CLANG_ANALYZER_NUMBER_OBJECT_CONVERSION = YES_AGGRESSIVE;
				CLANG_CXX_LANGUAGE_STANDARD = "gnu++17";
				CLANG_ENABLE_MODULES = YES;
				CLANG_ENABLE_OBJC_ARC = YES;
				CLANG_ENABLE_OBJC_WEAK = YES;
				CLANG_WARN_BLOCK_CAPTURE_AUTORELEASING = YES;
				CLANG_WARN_BOOL_CONVERSION = YES;
				CLANG_WARN_COMMA = YES;
				CLANG_WARN_CONSTANT_CONVERSION = YES;
				CLANG_WARN_DEPRECATED_OBJC_IMPLEMENTATIONS = YES;
				CLANG_WARN_DIRECT_OBJC_ISA_USAGE = YES_ERROR;
				CLANG_WARN_DOCUMENTATION_COMMENTS = YES;
				CLANG_WARN_EMPTY_BODY = YES;
				CLANG_WARN_ENUM_CONVERSION = YES;
				CLANG_WARN_INFINITE_RECURSION = YES;
				CLANG_WARN_INT_CONVERSION = YES;
				CLANG_WARN_NON_LITERAL_NULL_CONVERSION = YES;
				CLANG_WARN_OBJC_IMPLICIT_RETAIN_SELF = YES;
				CLANG_WARN_OBJC_LITERAL_CONVERSION = YES;
				CLANG_WARN_OBJC_ROOT_CLASS = YES_ERROR;
				CLANG_WARN_QUOTED_INCLUDE_IN_FRAMEWORK_HEADER = YES;
				CLANG_WARN_RANGE_LOOP_ANALYSIS = YES;
				CLANG_WARN_STRICT_PROTOTYPES = YES;
				CLANG_WARN_SUSPICIOUS_MOVE = YES;
				CLANG_WARN_UNGUARDED_AVAILABILITY = YES_AGGRESSIVE;
				CLANG_WARN_UNREACHABLE_CODE = YES;
				CLANG_WARN__DUPLICATE_METHOD_MATCH = YES;
				COPY_PHASE_STRIP = NO;
				DEBUG_INFORMATION_FORMAT = dwarf;
				ENABLE_STRICT_OBJC_MSGSEND = YES;
				ENABLE_TESTABILITY = YES;
				GCC_C_LANGUAGE_STANDARD = gnu11;
				GCC_DYNAMIC_NO_PIC = NO;
				GCC_NO_COMMON_BLOCKS = YES;
				GCC_OPTIMIZATION_LEVEL = 0;
				GCC_PREPROCESSOR_DEFINITIONS = (
					"DEBUG=1",
					"$(inherited)",
				);
				GCC_WARN_64_TO_32_BIT_CONVERSION = YES;
				GCC_WARN_ABOUT_RETURN_TYPE = YES_ERROR;
				GCC_WARN_UNDECLARED_SELECTOR = YES;
				GCC_WARN_UNINITIALIZED_AUTOS = YES_AGGRESSIVE;
				GCC_WARN_UNUSED_FUNCTION = YES;
				GCC_WARN_UNUSED_VARIABLE = YES;
				IPHONEOS_DEPLOYMENT_TARGET = 15.4;
				MTL_ENABLE_DEBUG_INFO = INCLUDE_SOURCE;
				MTL_FAST_MATH = YES;
				ONLY_ACTIVE_ARCH = YES;
				SDKROOT = iphoneos;
				SWIFT_ACTIVE_COMPILATION_CONDITIONS = DEBUG;
				SWIFT_OPTIMIZATION_LEVEL = "-Onone";
			};
			name = Debug;
		};
		2865EAF0281BB7C700A032EC /* Release */ = {
			isa = XCBuildConfiguration;
			buildSettings = {
				ALWAYS_SEARCH_USER_PATHS = NO;
				CLANG_ANALYZER_NONNULL = YES;
				CLANG_ANALYZER_NUMBER_OBJECT_CONVERSION = YES_AGGRESSIVE;
				CLANG_CXX_LANGUAGE_STANDARD = "gnu++17";
				CLANG_ENABLE_MODULES = YES;
				CLANG_ENABLE_OBJC_ARC = YES;
				CLANG_ENABLE_OBJC_WEAK = YES;
				CLANG_WARN_BLOCK_CAPTURE_AUTORELEASING = YES;
				CLANG_WARN_BOOL_CONVERSION = YES;
				CLANG_WARN_COMMA = YES;
				CLANG_WARN_CONSTANT_CONVERSION = YES;
				CLANG_WARN_DEPRECATED_OBJC_IMPLEMENTATIONS = YES;
				CLANG_WARN_DIRECT_OBJC_ISA_USAGE = YES_ERROR;
				CLANG_WARN_DOCUMENTATION_COMMENTS = YES;
				CLANG_WARN_EMPTY_BODY = YES;
				CLANG_WARN_ENUM_CONVERSION = YES;
				CLANG_WARN_INFINITE_RECURSION = YES;
				CLANG_WARN_INT_CONVERSION = YES;
				CLANG_WARN_NON_LITERAL_NULL_CONVERSION = YES;
				CLANG_WARN_OBJC_IMPLICIT_RETAIN_SELF = YES;
				CLANG_WARN_OBJC_LITERAL_CONVERSION = YES;
				CLANG_WARN_OBJC_ROOT_CLASS = YES_ERROR;
				CLANG_WARN_QUOTED_INCLUDE_IN_FRAMEWORK_HEADER = YES;
				CLANG_WARN_RANGE_LOOP_ANALYSIS = YES;
				CLANG_WARN_STRICT_PROTOTYPES = YES;
				CLANG_WARN_SUSPICIOUS_MOVE = YES;
				CLANG_WARN_UNGUARDED_AVAILABILITY = YES_AGGRESSIVE;
				CLANG_WARN_UNREACHABLE_CODE = YES;
				CLANG_WARN__DUPLICATE_METHOD_MATCH = YES;
				COPY_PHASE_STRIP = NO;
				DEBUG_INFORMATION_FORMAT = "dwarf-with-dsym";
				ENABLE_NS_ASSERTIONS = NO;
				ENABLE_STRICT_OBJC_MSGSEND = YES;
				GCC_C_LANGUAGE_STANDARD = gnu11;
				GCC_NO_COMMON_BLOCKS = YES;
				GCC_WARN_64_TO_32_BIT_CONVERSION = YES;
				GCC_WARN_ABOUT_RETURN_TYPE = YES_ERROR;
				GCC_WARN_UNDECLARED_SELECTOR = YES;
				GCC_WARN_UNINITIALIZED_AUTOS = YES_AGGRESSIVE;
				GCC_WARN_UNUSED_FUNCTION = YES;
				GCC_WARN_UNUSED_VARIABLE = YES;
				IPHONEOS_DEPLOYMENT_TARGET = 15.4;
				MTL_ENABLE_DEBUG_INFO = NO;
				MTL_FAST_MATH = YES;
				SDKROOT = iphoneos;
				SWIFT_COMPILATION_MODE = wholemodule;
				SWIFT_OPTIMIZATION_LEVEL = "-O";
				VALIDATE_PRODUCT = YES;
			};
			name = Release;
		};
		2865EAF2281BB7C700A032EC /* Debug */ = {
			isa = XCBuildConfiguration;
			buildSettings = {
				ASSETCATALOG_COMPILER_APPICON_NAME = AppIcon;
				ASSETCATALOG_COMPILER_GLOBAL_ACCENT_COLOR_NAME = AccentColor;
				CODE_SIGN_STYLE = Automatic;
				CURRENT_PROJECT_VERSION = 1;
				DEVELOPMENT_TEAM = 6P96P67U8G;
				GENERATE_INFOPLIST_FILE = YES;
				INFOPLIST_FILE = MyPlacesApp/App/Info.plist;
				INFOPLIST_KEY_UIApplicationSupportsIndirectInputEvents = YES;
				INFOPLIST_KEY_UILaunchStoryboardName = LaunchScreen;
				INFOPLIST_KEY_UIMainStoryboardFile = Main;
				INFOPLIST_KEY_UISupportedInterfaceOrientations_iPad = "UIInterfaceOrientationPortrait UIInterfaceOrientationPortraitUpsideDown UIInterfaceOrientationLandscapeLeft UIInterfaceOrientationLandscapeRight";
				INFOPLIST_KEY_UISupportedInterfaceOrientations_iPhone = "UIInterfaceOrientationPortrait UIInterfaceOrientationLandscapeLeft UIInterfaceOrientationLandscapeRight";
				LD_RUNPATH_SEARCH_PATHS = (
					"$(inherited)",
					"@executable_path/Frameworks",
				);
				MARKETING_VERSION = 1.0;
				PRODUCT_BUNDLE_IDENTIFIER = alexrybachev.MyPlacesApp;
				PRODUCT_NAME = "$(TARGET_NAME)";
				SWIFT_EMIT_LOC_STRINGS = YES;
				SWIFT_VERSION = 5.0;
				TARGETED_DEVICE_FAMILY = 1;
			};
			name = Debug;
		};
		2865EAF3281BB7C700A032EC /* Release */ = {
			isa = XCBuildConfiguration;
			buildSettings = {
				ASSETCATALOG_COMPILER_APPICON_NAME = AppIcon;
				ASSETCATALOG_COMPILER_GLOBAL_ACCENT_COLOR_NAME = AccentColor;
				CODE_SIGN_STYLE = Automatic;
				CURRENT_PROJECT_VERSION = 1;
				DEVELOPMENT_TEAM = 6P96P67U8G;
				GENERATE_INFOPLIST_FILE = YES;
				INFOPLIST_FILE = MyPlacesApp/App/Info.plist;
				INFOPLIST_KEY_UIApplicationSupportsIndirectInputEvents = YES;
				INFOPLIST_KEY_UILaunchStoryboardName = LaunchScreen;
				INFOPLIST_KEY_UIMainStoryboardFile = Main;
				INFOPLIST_KEY_UISupportedInterfaceOrientations_iPad = "UIInterfaceOrientationPortrait UIInterfaceOrientationPortraitUpsideDown UIInterfaceOrientationLandscapeLeft UIInterfaceOrientationLandscapeRight";
				INFOPLIST_KEY_UISupportedInterfaceOrientations_iPhone = "UIInterfaceOrientationPortrait UIInterfaceOrientationLandscapeLeft UIInterfaceOrientationLandscapeRight";
				LD_RUNPATH_SEARCH_PATHS = (
					"$(inherited)",
					"@executable_path/Frameworks",
				);
				MARKETING_VERSION = 1.0;
				PRODUCT_BUNDLE_IDENTIFIER = alexrybachev.MyPlacesApp;
				PRODUCT_NAME = "$(TARGET_NAME)";
				SWIFT_EMIT_LOC_STRINGS = YES;
				SWIFT_VERSION = 5.0;
				TARGETED_DEVICE_FAMILY = 1;
			};
			name = Release;
		};
/* End XCBuildConfiguration section */

/* Begin XCConfigurationList section */
		2865EAD8281BB7C400A032EC /* Build configuration list for PBXProject "MyPlacesApp" */ = {
			isa = XCConfigurationList;
			buildConfigurations = (
				2865EAEF281BB7C700A032EC /* Debug */,
				2865EAF0281BB7C700A032EC /* Release */,
			);
			defaultConfigurationIsVisible = 0;
			defaultConfigurationName = Release;
		};
		2865EAF1281BB7C700A032EC /* Build configuration list for PBXNativeTarget "MyPlacesApp" */ = {
			isa = XCConfigurationList;
			buildConfigurations = (
				2865EAF2281BB7C700A032EC /* Debug */,
				2865EAF3281BB7C700A032EC /* Release */,
			);
			defaultConfigurationIsVisible = 0;
			defaultConfigurationName = Release;
		};
/* End XCConfigurationList section */
	};
	rootObject = 2865EAD5281BB7C400A032EC /* Project object */;
}
